
Microsoft Visual Studio Solution File, Format Version 12.00
# Visual Studio 15
VisualStudioVersion = 15.0.26124.0
MinimumVisualStudioVersion = 15.0.26124.0
Project("{2150E333-8FDC-42A3-9474-1A3956D46DE8}") = "Core", "Core", "{0479EDE2-24A4-4034-8C17-34E84C17F3FD}"
EndProject
Project("{2150E333-8FDC-42A3-9474-1A3956D46DE8}") = "Rendering", "Rendering", "{6F08FDD2-AAC7-4298-932D-99F7705E6853}"
EndProject
Project("{FAE04EC0-301F-11D3-BF4B-00C04F79EFBC}") = "Api", "Core\Rendering\Api\Api.csproj", "{ED8523C5-1374-4B6B-A913-C4F538F124E2}"
EndProject
Project("{FAE04EC0-301F-11D3-BF4B-00C04F79EFBC}") = "Mock", "Core\Rendering\Mock\Mock.csproj", "{000235BB-3638-4DE8-9096-9CAE5707CF63}"
EndProject
Project("{FAE04EC0-301F-11D3-BF4B-00C04F79EFBC}") = "DirectFB", "Core\Rendering\DirectFB\DirectFB.csproj", "{A85CCA62-0047-430A-9816-84591A5879AD}"
EndProject
Project("{FAE04EC0-301F-11D3-BF4B-00C04F79EFBC}") = "OpenGL", "Core\Rendering\OpenGL\OpenGL.csproj", "{F5FDCCE2-2D84-4EC0-BD0B-F51ABD102F4D}"
EndProject
Project("{FAE04EC0-301F-11D3-BF4B-00C04F79EFBC}") = "WinForms", "Core\Rendering\WinForms\WinForms.csproj", "{4406E9D7-1B4C-4C0F-B8B3-C93273D82336}"
EndProject
Project("{2150E333-8FDC-42A3-9474-1A3956D46DE8}") = "Fs", "Fs", "{BD968E4C-87A6-41B4-9523-A5A99D6CB3B7}"
EndProject
Project("{FAE04EC0-301F-11D3-BF4B-00C04F79EFBC}") = "Api", "Core\Fs\Api\Api.csproj", "{CFDEEB0F-7A43-42C7-92F0-B2BD3339BBE3}"
EndProject
Project("{FAE04EC0-301F-11D3-BF4B-00C04F79EFBC}") = "Mock", "Core\Fs\Mock\Mock.csproj", "{61FF9A33-A9E7-4335-8E49-AB437A822AD6}"
EndProject
Project("{FAE04EC0-301F-11D3-BF4B-00C04F79EFBC}") = "Dedicated", "Core\Fs\Dedicated\Dedicated.csproj", "{B64FB2D3-84B3-49DE-A540-54D765AA9AE7}"
EndProject
Project("{FAE04EC0-301F-11D3-BF4B-00C04F79EFBC}") = "Shared", "Core\Fs\Shared\Shared.csproj", "{570829B5-3C81-4F44-A7B8-EA0E4FE68FE5}"
EndProject
Project("{FAE04EC0-301F-11D3-BF4B-00C04F79EFBC}") = "Ui", "Core\Ui\Ui.csproj", "{00E0F07F-3BAB-4B9A-B056-B1699D1C0F1D}"
EndProject
Project("{2150E333-8FDC-42A3-9474-1A3956D46DE8}") = "Platform", "Platform", "{3697564A-34C5-487D-9866-05D144E520B5}"
EndProject
Project("{FAE04EC0-301F-11D3-BF4B-00C04F79EFBC}") = "Shared", "Core\Platform\Shared\Shared.csproj", "{8AFAE9DA-5D9B-4AD4-9FC3-9D8C647371AF}"
EndProject
Project("{FAE04EC0-301F-11D3-BF4B-00C04F79EFBC}") = "Dedicated", "Core\Platform\Dedicated\Dedicated.csproj", "{FEE54C46-3D7D-474E-94B6-837C8910E791}"
EndProject
Project("{2150E333-8FDC-42A3-9474-1A3956D46DE8}") = "Plugins", "Plugins", "{9BCDA81E-C3CB-4572-9BF4-B4413D293145}"
EndProject
Project("{FAE04EC0-301F-11D3-BF4B-00C04F79EFBC}") = "Api", "Core\Plugins\Api\Api.csproj", "{9BB5742D-7829-45C1-A83B-628E51961ECF}"
EndProject
Project("{FAE04EC0-301F-11D3-BF4B-00C04F79EFBC}") = "Welcome", "Core\Plugins\Welcome\Welcome.csproj", "{F82D0DD6-A757-4856-8143-D5AC8E45348A}"
EndProject
Project("{FAE04EC0-301F-11D3-BF4B-00C04F79EFBC}") = "Login", "Core\Plugins\Login\Login.csproj", "{E7BD0372-0418-4EB4-B196-B4B6E94A75DF}"
EndProject
Project("{FAE04EC0-301F-11D3-BF4B-00C04F79EFBC}") = "Splash", "Core\Plugins\Splash\Splash.csproj", "{698BEE51-7805-4996-A657-262514017599}"
EndProject
Project("{2150E333-8FDC-42A3-9474-1A3956D46DE8}") = "IoC", "IoC", "{1E0E1908-1F7B-43E1-B229-688CED0EFBAA}"
EndProject
Project("{FAE04EC0-301F-11D3-BF4B-00C04F79EFBC}") = "Api", "Core\IoC\Api\Api.csproj", "{5826015C-9F8A-4D92-A383-E5F37BB5D303}"
EndProject
Project("{FAE04EC0-301F-11D3-BF4B-00C04F79EFBC}") = "Framework", "Core\IoC\Framework\Framework.csproj", "{798CE974-6DC5-4130-85EF-6D8D39BE3FE7}"
EndProject
Global
	GlobalSection(SolutionConfigurationPlatforms) = preSolution
		Debug|Any CPU = Debug|Any CPU
		Debug|x64 = Debug|x64
		Debug|x86 = Debug|x86
		Release|Any CPU = Release|Any CPU
		Release|x64 = Release|x64
		Release|x86 = Release|x86
	EndGlobalSection
	GlobalSection(SolutionProperties) = preSolution
		HideSolutionNode = FALSE
	EndGlobalSection
	GlobalSection(ProjectConfigurationPlatforms) = postSolution
		{ED8523C5-1374-4B6B-A913-C4F538F124E2}.Debug|Any CPU.ActiveCfg = Debug|Any CPU
		{ED8523C5-1374-4B6B-A913-C4F538F124E2}.Debug|Any CPU.Build.0 = Debug|Any CPU
		{ED8523C5-1374-4B6B-A913-C4F538F124E2}.Debug|x64.ActiveCfg = Debug|x64
		{ED8523C5-1374-4B6B-A913-C4F538F124E2}.Debug|x64.Build.0 = Debug|x64
		{ED8523C5-1374-4B6B-A913-C4F538F124E2}.Debug|x86.ActiveCfg = Debug|x86
		{ED8523C5-1374-4B6B-A913-C4F538F124E2}.Debug|x86.Build.0 = Debug|x86
		{ED8523C5-1374-4B6B-A913-C4F538F124E2}.Release|Any CPU.ActiveCfg = Release|Any CPU
		{ED8523C5-1374-4B6B-A913-C4F538F124E2}.Release|Any CPU.Build.0 = Release|Any CPU
		{ED8523C5-1374-4B6B-A913-C4F538F124E2}.Release|x64.ActiveCfg = Release|x64
		{ED8523C5-1374-4B6B-A913-C4F538F124E2}.Release|x64.Build.0 = Release|x64
		{ED8523C5-1374-4B6B-A913-C4F538F124E2}.Release|x86.ActiveCfg = Release|x86
		{ED8523C5-1374-4B6B-A913-C4F538F124E2}.Release|x86.Build.0 = Release|x86
		{000235BB-3638-4DE8-9096-9CAE5707CF63}.Debug|Any CPU.ActiveCfg = Debug|Any CPU
		{000235BB-3638-4DE8-9096-9CAE5707CF63}.Debug|Any CPU.Build.0 = Debug|Any CPU
		{000235BB-3638-4DE8-9096-9CAE5707CF63}.Debug|x64.ActiveCfg = Debug|x64
		{000235BB-3638-4DE8-9096-9CAE5707CF63}.Debug|x64.Build.0 = Debug|x64
		{000235BB-3638-4DE8-9096-9CAE5707CF63}.Debug|x86.ActiveCfg = Debug|x86
		{000235BB-3638-4DE8-9096-9CAE5707CF63}.Debug|x86.Build.0 = Debug|x86
		{000235BB-3638-4DE8-9096-9CAE5707CF63}.Release|Any CPU.ActiveCfg = Release|Any CPU
		{000235BB-3638-4DE8-9096-9CAE5707CF63}.Release|Any CPU.Build.0 = Release|Any CPU
		{000235BB-3638-4DE8-9096-9CAE5707CF63}.Release|x64.ActiveCfg = Release|x64
		{000235BB-3638-4DE8-9096-9CAE5707CF63}.Release|x64.Build.0 = Release|x64
		{000235BB-3638-4DE8-9096-9CAE5707CF63}.Release|x86.ActiveCfg = Release|x86
		{000235BB-3638-4DE8-9096-9CAE5707CF63}.Release|x86.Build.0 = Release|x86
		{A85CCA62-0047-430A-9816-84591A5879AD}.Debug|Any CPU.ActiveCfg = Debug|Any CPU
		{A85CCA62-0047-430A-9816-84591A5879AD}.Debug|Any CPU.Build.0 = Debug|Any CPU
		{A85CCA62-0047-430A-9816-84591A5879AD}.Debug|x64.ActiveCfg = Debug|x64
		{A85CCA62-0047-430A-9816-84591A5879AD}.Debug|x64.Build.0 = Debug|x64
		{A85CCA62-0047-430A-9816-84591A5879AD}.Debug|x86.ActiveCfg = Debug|x86
		{A85CCA62-0047-430A-9816-84591A5879AD}.Debug|x86.Build.0 = Debug|x86
		{A85CCA62-0047-430A-9816-84591A5879AD}.Release|Any CPU.ActiveCfg = Release|Any CPU
		{A85CCA62-0047-430A-9816-84591A5879AD}.Release|Any CPU.Build.0 = Release|Any CPU
		{A85CCA62-0047-430A-9816-84591A5879AD}.Release|x64.ActiveCfg = Release|x64
		{A85CCA62-0047-430A-9816-84591A5879AD}.Release|x64.Build.0 = Release|x64
		{A85CCA62-0047-430A-9816-84591A5879AD}.Release|x86.ActiveCfg = Release|x86
		{A85CCA62-0047-430A-9816-84591A5879AD}.Release|x86.Build.0 = Release|x86
		{F5FDCCE2-2D84-4EC0-BD0B-F51ABD102F4D}.Debug|Any CPU.ActiveCfg = Debug|Any CPU
		{F5FDCCE2-2D84-4EC0-BD0B-F51ABD102F4D}.Debug|Any CPU.Build.0 = Debug|Any CPU
		{F5FDCCE2-2D84-4EC0-BD0B-F51ABD102F4D}.Debug|x64.ActiveCfg = Debug|x64
		{F5FDCCE2-2D84-4EC0-BD0B-F51ABD102F4D}.Debug|x64.Build.0 = Debug|x64
		{F5FDCCE2-2D84-4EC0-BD0B-F51ABD102F4D}.Debug|x86.ActiveCfg = Debug|x86
		{F5FDCCE2-2D84-4EC0-BD0B-F51ABD102F4D}.Debug|x86.Build.0 = Debug|x86
		{F5FDCCE2-2D84-4EC0-BD0B-F51ABD102F4D}.Release|Any CPU.ActiveCfg = Release|Any CPU
		{F5FDCCE2-2D84-4EC0-BD0B-F51ABD102F4D}.Release|Any CPU.Build.0 = Release|Any CPU
		{F5FDCCE2-2D84-4EC0-BD0B-F51ABD102F4D}.Release|x64.ActiveCfg = Release|x64
		{F5FDCCE2-2D84-4EC0-BD0B-F51ABD102F4D}.Release|x64.Build.0 = Release|x64
		{F5FDCCE2-2D84-4EC0-BD0B-F51ABD102F4D}.Release|x86.ActiveCfg = Release|x86
		{F5FDCCE2-2D84-4EC0-BD0B-F51ABD102F4D}.Release|x86.Build.0 = Release|x86
		{4406E9D7-1B4C-4C0F-B8B3-C93273D82336}.Debug|Any CPU.ActiveCfg = Debug|Any CPU
		{4406E9D7-1B4C-4C0F-B8B3-C93273D82336}.Debug|Any CPU.Build.0 = Debug|Any CPU
		{4406E9D7-1B4C-4C0F-B8B3-C93273D82336}.Debug|x64.ActiveCfg = Debug|x64
		{4406E9D7-1B4C-4C0F-B8B3-C93273D82336}.Debug|x64.Build.0 = Debug|x64
		{4406E9D7-1B4C-4C0F-B8B3-C93273D82336}.Debug|x86.ActiveCfg = Debug|x86
		{4406E9D7-1B4C-4C0F-B8B3-C93273D82336}.Debug|x86.Build.0 = Debug|x86
		{4406E9D7-1B4C-4C0F-B8B3-C93273D82336}.Release|Any CPU.ActiveCfg = Release|Any CPU
		{4406E9D7-1B4C-4C0F-B8B3-C93273D82336}.Release|Any CPU.Build.0 = Release|Any CPU
		{4406E9D7-1B4C-4C0F-B8B3-C93273D82336}.Release|x64.ActiveCfg = Release|x64
		{4406E9D7-1B4C-4C0F-B8B3-C93273D82336}.Release|x64.Build.0 = Release|x64
		{4406E9D7-1B4C-4C0F-B8B3-C93273D82336}.Release|x86.ActiveCfg = Release|x86
		{4406E9D7-1B4C-4C0F-B8B3-C93273D82336}.Release|x86.Build.0 = Release|x86
		{CFDEEB0F-7A43-42C7-92F0-B2BD3339BBE3}.Debug|Any CPU.ActiveCfg = Debug|Any CPU
		{CFDEEB0F-7A43-42C7-92F0-B2BD3339BBE3}.Debug|Any CPU.Build.0 = Debug|Any CPU
		{CFDEEB0F-7A43-42C7-92F0-B2BD3339BBE3}.Debug|x64.ActiveCfg = Debug|x64
		{CFDEEB0F-7A43-42C7-92F0-B2BD3339BBE3}.Debug|x64.Build.0 = Debug|x64
		{CFDEEB0F-7A43-42C7-92F0-B2BD3339BBE3}.Debug|x86.ActiveCfg = Debug|x86
		{CFDEEB0F-7A43-42C7-92F0-B2BD3339BBE3}.Debug|x86.Build.0 = Debug|x86
		{CFDEEB0F-7A43-42C7-92F0-B2BD3339BBE3}.Release|Any CPU.ActiveCfg = Release|Any CPU
		{CFDEEB0F-7A43-42C7-92F0-B2BD3339BBE3}.Release|Any CPU.Build.0 = Release|Any CPU
		{CFDEEB0F-7A43-42C7-92F0-B2BD3339BBE3}.Release|x64.ActiveCfg = Release|x64
		{CFDEEB0F-7A43-42C7-92F0-B2BD3339BBE3}.Release|x64.Build.0 = Release|x64
		{CFDEEB0F-7A43-42C7-92F0-B2BD3339BBE3}.Release|x86.ActiveCfg = Release|x86
		{CFDEEB0F-7A43-42C7-92F0-B2BD3339BBE3}.Release|x86.Build.0 = Release|x86
		{61FF9A33-A9E7-4335-8E49-AB437A822AD6}.Debug|Any CPU.ActiveCfg = Debug|Any CPU
		{61FF9A33-A9E7-4335-8E49-AB437A822AD6}.Debug|Any CPU.Build.0 = Debug|Any CPU
		{61FF9A33-A9E7-4335-8E49-AB437A822AD6}.Debug|x64.ActiveCfg = Debug|x64
		{61FF9A33-A9E7-4335-8E49-AB437A822AD6}.Debug|x64.Build.0 = Debug|x64
		{61FF9A33-A9E7-4335-8E49-AB437A822AD6}.Debug|x86.ActiveCfg = Debug|x86
		{61FF9A33-A9E7-4335-8E49-AB437A822AD6}.Debug|x86.Build.0 = Debug|x86
		{61FF9A33-A9E7-4335-8E49-AB437A822AD6}.Release|Any CPU.ActiveCfg = Release|Any CPU
		{61FF9A33-A9E7-4335-8E49-AB437A822AD6}.Release|Any CPU.Build.0 = Release|Any CPU
		{61FF9A33-A9E7-4335-8E49-AB437A822AD6}.Release|x64.ActiveCfg = Release|x64
		{61FF9A33-A9E7-4335-8E49-AB437A822AD6}.Release|x64.Build.0 = Release|x64
		{61FF9A33-A9E7-4335-8E49-AB437A822AD6}.Release|x86.ActiveCfg = Release|x86
		{61FF9A33-A9E7-4335-8E49-AB437A822AD6}.Release|x86.Build.0 = Release|x86
		{B64FB2D3-84B3-49DE-A540-54D765AA9AE7}.Debug|Any CPU.ActiveCfg = Debug|Any CPU
		{B64FB2D3-84B3-49DE-A540-54D765AA9AE7}.Debug|Any CPU.Build.0 = Debug|Any CPU
		{B64FB2D3-84B3-49DE-A540-54D765AA9AE7}.Debug|x64.ActiveCfg = Debug|x64
		{B64FB2D3-84B3-49DE-A540-54D765AA9AE7}.Debug|x64.Build.0 = Debug|x64
		{B64FB2D3-84B3-49DE-A540-54D765AA9AE7}.Debug|x86.ActiveCfg = Debug|x86
		{B64FB2D3-84B3-49DE-A540-54D765AA9AE7}.Debug|x86.Build.0 = Debug|x86
		{B64FB2D3-84B3-49DE-A540-54D765AA9AE7}.Release|Any CPU.ActiveCfg = Release|Any CPU
		{B64FB2D3-84B3-49DE-A540-54D765AA9AE7}.Release|Any CPU.Build.0 = Release|Any CPU
		{B64FB2D3-84B3-49DE-A540-54D765AA9AE7}.Release|x64.ActiveCfg = Release|x64
		{B64FB2D3-84B3-49DE-A540-54D765AA9AE7}.Release|x64.Build.0 = Release|x64
		{B64FB2D3-84B3-49DE-A540-54D765AA9AE7}.Release|x86.ActiveCfg = Release|x86
		{B64FB2D3-84B3-49DE-A540-54D765AA9AE7}.Release|x86.Build.0 = Release|x86
		{570829B5-3C81-4F44-A7B8-EA0E4FE68FE5}.Debug|Any CPU.ActiveCfg = Debug|Any CPU
		{570829B5-3C81-4F44-A7B8-EA0E4FE68FE5}.Debug|Any CPU.Build.0 = Debug|Any CPU
		{570829B5-3C81-4F44-A7B8-EA0E4FE68FE5}.Debug|x64.ActiveCfg = Debug|x64
		{570829B5-3C81-4F44-A7B8-EA0E4FE68FE5}.Debug|x64.Build.0 = Debug|x64
		{570829B5-3C81-4F44-A7B8-EA0E4FE68FE5}.Debug|x86.ActiveCfg = Debug|x86
		{570829B5-3C81-4F44-A7B8-EA0E4FE68FE5}.Debug|x86.Build.0 = Debug|x86
		{570829B5-3C81-4F44-A7B8-EA0E4FE68FE5}.Release|Any CPU.ActiveCfg = Release|Any CPU
		{570829B5-3C81-4F44-A7B8-EA0E4FE68FE5}.Release|Any CPU.Build.0 = Release|Any CPU
		{570829B5-3C81-4F44-A7B8-EA0E4FE68FE5}.Release|x64.ActiveCfg = Release|x64
		{570829B5-3C81-4F44-A7B8-EA0E4FE68FE5}.Release|x64.Build.0 = Release|x64
		{570829B5-3C81-4F44-A7B8-EA0E4FE68FE5}.Release|x86.ActiveCfg = Release|x86
		{570829B5-3C81-4F44-A7B8-EA0E4FE68FE5}.Release|x86.Build.0 = Release|x86
		{00E0F07F-3BAB-4B9A-B056-B1699D1C0F1D}.Debug|Any CPU.ActiveCfg = Debug|Any CPU
		{00E0F07F-3BAB-4B9A-B056-B1699D1C0F1D}.Debug|Any CPU.Build.0 = Debug|Any CPU
		{00E0F07F-3BAB-4B9A-B056-B1699D1C0F1D}.Debug|x64.ActiveCfg = Debug|x64
		{00E0F07F-3BAB-4B9A-B056-B1699D1C0F1D}.Debug|x64.Build.0 = Debug|x64
		{00E0F07F-3BAB-4B9A-B056-B1699D1C0F1D}.Debug|x86.ActiveCfg = Debug|x86
		{00E0F07F-3BAB-4B9A-B056-B1699D1C0F1D}.Debug|x86.Build.0 = Debug|x86
		{00E0F07F-3BAB-4B9A-B056-B1699D1C0F1D}.Release|Any CPU.ActiveCfg = Release|Any CPU
		{00E0F07F-3BAB-4B9A-B056-B1699D1C0F1D}.Release|Any CPU.Build.0 = Release|Any CPU
		{00E0F07F-3BAB-4B9A-B056-B1699D1C0F1D}.Release|x64.ActiveCfg = Release|x64
		{00E0F07F-3BAB-4B9A-B056-B1699D1C0F1D}.Release|x64.Build.0 = Release|x64
		{00E0F07F-3BAB-4B9A-B056-B1699D1C0F1D}.Release|x86.ActiveCfg = Release|x86
		{00E0F07F-3BAB-4B9A-B056-B1699D1C0F1D}.Release|x86.Build.0 = Release|x86
		{8AFAE9DA-5D9B-4AD4-9FC3-9D8C647371AF}.Debug|Any CPU.ActiveCfg = Debug|Any CPU
		{8AFAE9DA-5D9B-4AD4-9FC3-9D8C647371AF}.Debug|Any CPU.Build.0 = Debug|Any CPU
		{8AFAE9DA-5D9B-4AD4-9FC3-9D8C647371AF}.Debug|x64.ActiveCfg = Debug|x64
		{8AFAE9DA-5D9B-4AD4-9FC3-9D8C647371AF}.Debug|x64.Build.0 = Debug|x64
		{8AFAE9DA-5D9B-4AD4-9FC3-9D8C647371AF}.Debug|x86.ActiveCfg = Debug|x86
		{8AFAE9DA-5D9B-4AD4-9FC3-9D8C647371AF}.Debug|x86.Build.0 = Debug|x86
		{8AFAE9DA-5D9B-4AD4-9FC3-9D8C647371AF}.Release|Any CPU.ActiveCfg = Release|Any CPU
		{8AFAE9DA-5D9B-4AD4-9FC3-9D8C647371AF}.Release|Any CPU.Build.0 = Release|Any CPU
		{8AFAE9DA-5D9B-4AD4-9FC3-9D8C647371AF}.Release|x64.ActiveCfg = Release|x64
		{8AFAE9DA-5D9B-4AD4-9FC3-9D8C647371AF}.Release|x64.Build.0 = Release|x64
		{8AFAE9DA-5D9B-4AD4-9FC3-9D8C647371AF}.Release|x86.ActiveCfg = Release|x86
		{8AFAE9DA-5D9B-4AD4-9FC3-9D8C647371AF}.Release|x86.Build.0 = Release|x86
		{FEE54C46-3D7D-474E-94B6-837C8910E791}.Debug|Any CPU.ActiveCfg = Debug|Any CPU
		{FEE54C46-3D7D-474E-94B6-837C8910E791}.Debug|Any CPU.Build.0 = Debug|Any CPU
		{FEE54C46-3D7D-474E-94B6-837C8910E791}.Debug|x64.ActiveCfg = Debug|x64
		{FEE54C46-3D7D-474E-94B6-837C8910E791}.Debug|x64.Build.0 = Debug|x64
		{FEE54C46-3D7D-474E-94B6-837C8910E791}.Debug|x86.ActiveCfg = Debug|x86
		{FEE54C46-3D7D-474E-94B6-837C8910E791}.Debug|x86.Build.0 = Debug|x86
		{FEE54C46-3D7D-474E-94B6-837C8910E791}.Release|Any CPU.ActiveCfg = Release|Any CPU
		{FEE54C46-3D7D-474E-94B6-837C8910E791}.Release|Any CPU.Build.0 = Release|Any CPU
		{FEE54C46-3D7D-474E-94B6-837C8910E791}.Release|x64.ActiveCfg = Release|x64
		{FEE54C46-3D7D-474E-94B6-837C8910E791}.Release|x64.Build.0 = Release|x64
		{FEE54C46-3D7D-474E-94B6-837C8910E791}.Release|x86.ActiveCfg = Release|x86
		{FEE54C46-3D7D-474E-94B6-837C8910E791}.Release|x86.Build.0 = Release|x86
		{9BB5742D-7829-45C1-A83B-628E51961ECF}.Debug|Any CPU.ActiveCfg = Debug|Any CPU
		{9BB5742D-7829-45C1-A83B-628E51961ECF}.Debug|Any CPU.Build.0 = Debug|Any CPU
		{9BB5742D-7829-45C1-A83B-628E51961ECF}.Debug|x64.ActiveCfg = Debug|x64
		{9BB5742D-7829-45C1-A83B-628E51961ECF}.Debug|x64.Build.0 = Debug|x64
		{9BB5742D-7829-45C1-A83B-628E51961ECF}.Debug|x86.ActiveCfg = Debug|x86
		{9BB5742D-7829-45C1-A83B-628E51961ECF}.Debug|x86.Build.0 = Debug|x86
		{9BB5742D-7829-45C1-A83B-628E51961ECF}.Release|Any CPU.ActiveCfg = Release|Any CPU
		{9BB5742D-7829-45C1-A83B-628E51961ECF}.Release|Any CPU.Build.0 = Release|Any CPU
		{9BB5742D-7829-45C1-A83B-628E51961ECF}.Release|x64.ActiveCfg = Release|x64
		{9BB5742D-7829-45C1-A83B-628E51961ECF}.Release|x64.Build.0 = Release|x64
		{9BB5742D-7829-45C1-A83B-628E51961ECF}.Release|x86.ActiveCfg = Release|x86
		{9BB5742D-7829-45C1-A83B-628E51961ECF}.Release|x86.Build.0 = Release|x86
		{F82D0DD6-A757-4856-8143-D5AC8E45348A}.Debug|Any CPU.ActiveCfg = Debug|Any CPU
		{F82D0DD6-A757-4856-8143-D5AC8E45348A}.Debug|Any CPU.Build.0 = Debug|Any CPU
		{F82D0DD6-A757-4856-8143-D5AC8E45348A}.Debug|x64.ActiveCfg = Debug|x64
		{F82D0DD6-A757-4856-8143-D5AC8E45348A}.Debug|x64.Build.0 = Debug|x64
		{F82D0DD6-A757-4856-8143-D5AC8E45348A}.Debug|x86.ActiveCfg = Debug|x86
		{F82D0DD6-A757-4856-8143-D5AC8E45348A}.Debug|x86.Build.0 = Debug|x86
		{F82D0DD6-A757-4856-8143-D5AC8E45348A}.Release|Any CPU.ActiveCfg = Release|Any CPU
		{F82D0DD6-A757-4856-8143-D5AC8E45348A}.Release|Any CPU.Build.0 = Release|Any CPU
		{F82D0DD6-A757-4856-8143-D5AC8E45348A}.Release|x64.ActiveCfg = Release|x64
		{F82D0DD6-A757-4856-8143-D5AC8E45348A}.Release|x64.Build.0 = Release|x64
		{F82D0DD6-A757-4856-8143-D5AC8E45348A}.Release|x86.ActiveCfg = Release|x86
		{F82D0DD6-A757-4856-8143-D5AC8E45348A}.Release|x86.Build.0 = Release|x86
		{E7BD0372-0418-4EB4-B196-B4B6E94A75DF}.Debug|Any CPU.ActiveCfg = Debug|Any CPU
		{E7BD0372-0418-4EB4-B196-B4B6E94A75DF}.Debug|Any CPU.Build.0 = Debug|Any CPU
		{E7BD0372-0418-4EB4-B196-B4B6E94A75DF}.Debug|x64.ActiveCfg = Debug|x64
		{E7BD0372-0418-4EB4-B196-B4B6E94A75DF}.Debug|x64.Build.0 = Debug|x64
		{E7BD0372-0418-4EB4-B196-B4B6E94A75DF}.Debug|x86.ActiveCfg = Debug|x86
		{E7BD0372-0418-4EB4-B196-B4B6E94A75DF}.Debug|x86.Build.0 = Debug|x86
		{E7BD0372-0418-4EB4-B196-B4B6E94A75DF}.Release|Any CPU.ActiveCfg = Release|Any CPU
		{E7BD0372-0418-4EB4-B196-B4B6E94A75DF}.Release|Any CPU.Build.0 = Release|Any CPU
		{E7BD0372-0418-4EB4-B196-B4B6E94A75DF}.Release|x64.ActiveCfg = Release|x64
		{E7BD0372-0418-4EB4-B196-B4B6E94A75DF}.Release|x64.Build.0 = Release|x64
		{E7BD0372-0418-4EB4-B196-B4B6E94A75DF}.Release|x86.ActiveCfg = Release|x86
		{E7BD0372-0418-4EB4-B196-B4B6E94A75DF}.Release|x86.Build.0 = Release|x86
		{698BEE51-7805-4996-A657-262514017599}.Debug|Any CPU.ActiveCfg = Debug|Any CPU
		{698BEE51-7805-4996-A657-262514017599}.Debug|Any CPU.Build.0 = Debug|Any CPU
		{698BEE51-7805-4996-A657-262514017599}.Debug|x64.ActiveCfg = Debug|x64
		{698BEE51-7805-4996-A657-262514017599}.Debug|x64.Build.0 = Debug|x64
		{698BEE51-7805-4996-A657-262514017599}.Debug|x86.ActiveCfg = Debug|x86
		{698BEE51-7805-4996-A657-262514017599}.Debug|x86.Build.0 = Debug|x86
		{698BEE51-7805-4996-A657-262514017599}.Release|Any CPU.ActiveCfg = Release|Any CPU
		{698BEE51-7805-4996-A657-262514017599}.Release|Any CPU.Build.0 = Release|Any CPU
		{698BEE51-7805-4996-A657-262514017599}.Release|x64.ActiveCfg = Release|x64
		{698BEE51-7805-4996-A657-262514017599}.Release|x64.Build.0 = Release|x64
		{698BEE51-7805-4996-A657-262514017599}.Release|x86.ActiveCfg = Release|x86
		{698BEE51-7805-4996-A657-262514017599}.Release|x86.Build.0 = Release|x86
		{5826015C-9F8A-4D92-A383-E5F37BB5D303}.Debug|Any CPU.ActiveCfg = Debug|Any CPU
		{5826015C-9F8A-4D92-A383-E5F37BB5D303}.Debug|Any CPU.Build.0 = Debug|Any CPU
		{5826015C-9F8A-4D92-A383-E5F37BB5D303}.Debug|x64.ActiveCfg = Debug|x64
		{5826015C-9F8A-4D92-A383-E5F37BB5D303}.Debug|x64.Build.0 = Debug|x64
		{5826015C-9F8A-4D92-A383-E5F37BB5D303}.Debug|x86.ActiveCfg = Debug|x86
		{5826015C-9F8A-4D92-A383-E5F37BB5D303}.Debug|x86.Build.0 = Debug|x86
		{5826015C-9F8A-4D92-A383-E5F37BB5D303}.Release|Any CPU.ActiveCfg = Release|Any CPU
		{5826015C-9F8A-4D92-A383-E5F37BB5D303}.Release|Any CPU.Build.0 = Release|Any CPU
		{5826015C-9F8A-4D92-A383-E5F37BB5D303}.Release|x64.ActiveCfg = Release|x64
		{5826015C-9F8A-4D92-A383-E5F37BB5D303}.Release|x64.Build.0 = Release|x64
		{5826015C-9F8A-4D92-A383-E5F37BB5D303}.Release|x86.ActiveCfg = Release|x86
		{5826015C-9F8A-4D92-A383-E5F37BB5D303}.Release|x86.Build.0 = Release|x86
		{798CE974-6DC5-4130-85EF-6D8D39BE3FE7}.Debug|Any CPU.ActiveCfg = Debug|Any CPU
		{798CE974-6DC5-4130-85EF-6D8D39BE3FE7}.Debug|Any CPU.Build.0 = Debug|Any CPU
		{798CE974-6DC5-4130-85EF-6D8D39BE3FE7}.Debug|x64.ActiveCfg = Debug|x64
		{798CE974-6DC5-4130-85EF-6D8D39BE3FE7}.Debug|x64.Build.0 = Debug|x64
		{798CE974-6DC5-4130-85EF-6D8D39BE3FE7}.Debug|x86.ActiveCfg = Debug|x86
		{798CE974-6DC5-4130-85EF-6D8D39BE3FE7}.Debug|x86.Build.0 = Debug|x86
		{798CE974-6DC5-4130-85EF-6D8D39BE3FE7}.Release|Any CPU.ActiveCfg = Release|Any CPU
		{798CE974-6DC5-4130-85EF-6D8D39BE3FE7}.Release|Any CPU.Build.0 = Release|Any CPU
		{798CE974-6DC5-4130-85EF-6D8D39BE3FE7}.Release|x64.ActiveCfg = Release|x64
		{798CE974-6DC5-4130-85EF-6D8D39BE3FE7}.Release|x64.Build.0 = Release|x64
		{798CE974-6DC5-4130-85EF-6D8D39BE3FE7}.Release|x86.ActiveCfg = Release|x86
		{798CE974-6DC5-4130-85EF-6D8D39BE3FE7}.Release|x86.Build.0 = Release|x86
	EndGlobalSection
	GlobalSection(NestedProjects) = preSolution
		{6F08FDD2-AAC7-4298-932D-99F7705E6853} = {0479EDE2-24A4-4034-8C17-34E84C17F3FD}
		{ED8523C5-1374-4B6B-A913-C4F538F124E2} = {6F08FDD2-AAC7-4298-932D-99F7705E6853}
		{000235BB-3638-4DE8-9096-9CAE5707CF63} = {6F08FDD2-AAC7-4298-932D-99F7705E6853}
		{A85CCA62-0047-430A-9816-84591A5879AD} = {6F08FDD2-AAC7-4298-932D-99F7705E6853}
		{F5FDCCE2-2D84-4EC0-BD0B-F51ABD102F4D} = {6F08FDD2-AAC7-4298-932D-99F7705E6853}
		{4406E9D7-1B4C-4C0F-B8B3-C93273D82336} = {6F08FDD2-AAC7-4298-932D-99F7705E6853}
		{BD968E4C-87A6-41B4-9523-A5A99D6CB3B7} = {0479EDE2-24A4-4034-8C17-34E84C17F3FD}
		{CFDEEB0F-7A43-42C7-92F0-B2BD3339BBE3} = {BD968E4C-87A6-41B4-9523-A5A99D6CB3B7}
		{61FF9A33-A9E7-4335-8E49-AB437A822AD6} = {BD968E4C-87A6-41B4-9523-A5A99D6CB3B7}
		{B64FB2D3-84B3-49DE-A540-54D765AA9AE7} = {BD968E4C-87A6-41B4-9523-A5A99D6CB3B7}
		{570829B5-3C81-4F44-A7B8-EA0E4FE68FE5} = {BD968E4C-87A6-41B4-9523-A5A99D6CB3B7}
		{00E0F07F-3BAB-4B9A-B056-B1699D1C0F1D} = {0479EDE2-24A4-4034-8C17-34E84C17F3FD}
		{3697564A-34C5-487D-9866-05D144E520B5} = {0479EDE2-24A4-4034-8C17-34E84C17F3FD}
		{8AFAE9DA-5D9B-4AD4-9FC3-9D8C647371AF} = {3697564A-34C5-487D-9866-05D144E520B5}
		{FEE54C46-3D7D-474E-94B6-837C8910E791} = {3697564A-34C5-487D-9866-05D144E520B5}
		{9BCDA81E-C3CB-4572-9BF4-B4413D293145} = {0479EDE2-24A4-4034-8C17-34E84C17F3FD}
		{9BB5742D-7829-45C1-A83B-628E51961ECF} = {9BCDA81E-C3CB-4572-9BF4-B4413D293145}
		{F82D0DD6-A757-4856-8143-D5AC8E45348A} = {9BCDA81E-C3CB-4572-9BF4-B4413D293145}
		{E7BD0372-0418-4EB4-B196-B4B6E94A75DF} = {9BCDA81E-C3CB-4572-9BF4-B4413D293145}
		{698BEE51-7805-4996-A657-262514017599} = {9BCDA81E-C3CB-4572-9BF4-B4413D293145}
		{1E0E1908-1F7B-43E1-B229-688CED0EFBAA} = {0479EDE2-24A4-4034-8C17-34E84C17F3FD}
		{5826015C-9F8A-4D92-A383-E5F37BB5D303} = {1E0E1908-1F7B-43E1-B229-688CED0EFBAA}
		{798CE974-6DC5-4130-85EF-6D8D39BE3FE7} = {1E0E1908-1F7B-43E1-B229-688CED0EFBAA}
	EndGlobalSection
EndGlobal
